// !$*UTF8*$!
{
	archiveVersion = 1;
	classes = {
	};
	objectVersion = 56;
	objects = {

/* Begin PBXBuildFile section */
		791029D92A039C58009A5590 /* MainTabView.swift in Sources */ = {isa = PBXBuildFile; fileRef = 791029D82A039C58009A5590 /* MainTabView.swift */; };
		791C24572A08EA520009E4EA /* NotificationManager.swift in Sources */ = {isa = PBXBuildFile; fileRef = 791C24562A08EA520009E4EA /* NotificationManager.swift */; };
		791C245A2A0933DE0009E4EA /* DateExtension.swift in Sources */ = {isa = PBXBuildFile; fileRef = 791C24592A0933DE0009E4EA /* DateExtension.swift */; };
		791C245E2A09530F0009E4EA /* ViewExtension.swift in Sources */ = {isa = PBXBuildFile; fileRef = 791C245D2A09530F0009E4EA /* ViewExtension.swift */; };
		791C24602A0A10BB0009E4EA /* CapsuleView.swift in Sources */ = {isa = PBXBuildFile; fileRef = 791C245F2A0A10BB0009E4EA /* CapsuleView.swift */; };
		794DB9EB2A07E38600635B58 /* TodayView.swift in Sources */ = {isa = PBXBuildFile; fileRef = 794DB9EA2A07E38600635B58 /* TodayView.swift */; };
		794DB9ED2A07E38E00635B58 /* ListView.swift in Sources */ = {isa = PBXBuildFile; fileRef = 794DB9EC2A07E38E00635B58 /* ListView.swift */; };
		794DB9EF2A07E3A500635B58 /* PublishView.swift in Sources */ = {isa = PBXBuildFile; fileRef = 794DB9EE2A07E3A500635B58 /* PublishView.swift */; };
		794DB9F22A07EE6000635B58 /* CardView.swift in Sources */ = {isa = PBXBuildFile; fileRef = 794DB9F12A07EE6000635B58 /* CardView.swift */; };
		794EB6AA2A03F92600DA52B5 /* Hyoza.xcdatamodeld in Sources */ = {isa = PBXBuildFile; fileRef = 794EB6A72A03F92600DA52B5 /* Hyoza.xcdatamodeld */; };
		794EB6AD2A03FF8900DA52B5 /* Question+CoreDataClass.swift in Sources */ = {isa = PBXBuildFile; fileRef = 794EB6AB2A03FF8900DA52B5 /* Question+CoreDataClass.swift */; };
		794EB6AE2A03FF8900DA52B5 /* Question+CoreDataProperties.swift in Sources */ = {isa = PBXBuildFile; fileRef = 794EB6AC2A03FF8900DA52B5 /* Question+CoreDataProperties.swift */; };
		794EB6B12A03FFCB00DA52B5 /* Persistence.swift in Sources */ = {isa = PBXBuildFile; fileRef = 794EB6B02A03FFCB00DA52B5 /* Persistence.swift */; };
		799E8F9D2A0A94D7003F78F2 /* question_samples.json in Resources */ = {isa = PBXBuildFile; fileRef = 799E8F9C2A0A94D7003F78F2 /* question_samples.json */; };
		799E8FA02A0A94FA003F78F2 /* QuerySentence.swift in Sources */ = {isa = PBXBuildFile; fileRef = 799E8F9F2A0A94FA003F78F2 /* QuerySentence.swift */; };
		799E8FA22A0A9508003F78F2 /* QuerySentenceManager.swift in Sources */ = {isa = PBXBuildFile; fileRef = 799E8FA12A0A9508003F78F2 /* QuerySentenceManager.swift */; };
		79D7C5DA2A00ED3500AC8B6F /* HyozaApp.swift in Sources */ = {isa = PBXBuildFile; fileRef = 79D7C5D92A00ED3500AC8B6F /* HyozaApp.swift */; };
		79D7C5DE2A00ED3700AC8B6F /* Assets.xcassets in Resources */ = {isa = PBXBuildFile; fileRef = 79D7C5DD2A00ED3700AC8B6F /* Assets.xcassets */; };
		79D7C5E12A00ED3700AC8B6F /* Preview Assets.xcassets in Resources */ = {isa = PBXBuildFile; fileRef = 79D7C5E02A00ED3700AC8B6F /* Preview Assets.xcassets */; };
		9809A3042A097AD100AB8995 /* ColorWithHex.swift in Sources */ = {isa = PBXBuildFile; fileRef = 9809A3032A097AD100AB8995 /* ColorWithHex.swift */; };
		9809A3062A0988A600AB8995 /* QuestionBoxView.swift in Sources */ = {isa = PBXBuildFile; fileRef = 9809A3052A0988A600AB8995 /* QuestionBoxView.swift */; };
		98EE907D2A0A750A0042E7B0 /* QuestionCardView.swift in Sources */ = {isa = PBXBuildFile; fileRef = 98EE907C2A0A750A0042E7B0 /* QuestionCardView.swift */; };
		B22A97E52A08ED2900ECD178 /* CustomColor.swift in Sources */ = {isa = PBXBuildFile; fileRef = B22A97E32A08EC3C00ECD178 /* CustomColor.swift */; };
		B22A97E82A090D1B00ECD178 /* UIColorExtension.swift in Sources */ = {isa = PBXBuildFile; fileRef = B22A97E72A090D1B00ECD178 /* UIColorExtension.swift */; };
		B22A97EA2A0910C000ECD178 /* PeriodSegmentView.swift in Sources */ = {isa = PBXBuildFile; fileRef = B22A97E92A0910C000ECD178 /* PeriodSegmentView.swift */; };
		B22A97EC2A09117700ECD178 /* ColorExtension.swift in Sources */ = {isa = PBXBuildFile; fileRef = B22A97EB2A09117700ECD178 /* ColorExtension.swift */; };
		B22A97EE2A0912AD00ECD178 /* PeriodView.swift in Sources */ = {isa = PBXBuildFile; fileRef = B22A97ED2A0912AD00ECD178 /* PeriodView.swift */; };
		B256C8C92A0A5D9800B0C62E /* UIScreenExtension.swift in Sources */ = {isa = PBXBuildFile; fileRef = B256C8C82A0A5D9800B0C62E /* UIScreenExtension.swift */; };
		B256C8CB2A0A621D00B0C62E /* MonthPickerView.swift in Sources */ = {isa = PBXBuildFile; fileRef = B256C8CA2A0A621D00B0C62E /* MonthPickerView.swift */; };
		B256C8CD2A0A64D500B0C62E /* PublishCardify.swift in Sources */ = {isa = PBXBuildFile; fileRef = B256C8CC2A0A64D500B0C62E /* PublishCardify.swift */; };
		B256C8CF2A0A6A2D00B0C62E /* ResultBookView.swift in Sources */ = {isa = PBXBuildFile; fileRef = B256C8CE2A0A6A2D00B0C62E /* ResultBookView.swift */; };
		C9DD7BEB2A0A3F3F007C1973 /* QnAView.swift in Sources */ = {isa = PBXBuildFile; fileRef = C9DD7BEA2A0A3F3F007C1973 /* QnAView.swift */; };
/* End PBXBuildFile section */

/* Begin PBXFileReference section */
		791029D82A039C58009A5590 /* MainTabView.swift */ = {isa = PBXFileReference; lastKnownFileType = sourcecode.swift; path = MainTabView.swift; sourceTree = "<group>"; };
		791C24562A08EA520009E4EA /* NotificationManager.swift */ = {isa = PBXFileReference; lastKnownFileType = sourcecode.swift; path = NotificationManager.swift; sourceTree = "<group>"; };
		791C24592A0933DE0009E4EA /* DateExtension.swift */ = {isa = PBXFileReference; lastKnownFileType = sourcecode.swift; path = DateExtension.swift; sourceTree = "<group>"; };
		791C245D2A09530F0009E4EA /* ViewExtension.swift */ = {isa = PBXFileReference; lastKnownFileType = sourcecode.swift; path = ViewExtension.swift; sourceTree = "<group>"; };
		791C245F2A0A10BB0009E4EA /* CapsuleView.swift */ = {isa = PBXFileReference; lastKnownFileType = sourcecode.swift; path = CapsuleView.swift; sourceTree = "<group>"; };
		794DB9EA2A07E38600635B58 /* TodayView.swift */ = {isa = PBXFileReference; lastKnownFileType = sourcecode.swift; path = TodayView.swift; sourceTree = "<group>"; };
		794DB9EC2A07E38E00635B58 /* ListView.swift */ = {isa = PBXFileReference; lastKnownFileType = sourcecode.swift; path = ListView.swift; sourceTree = "<group>"; };
		794DB9EE2A07E3A500635B58 /* PublishView.swift */ = {isa = PBXFileReference; lastKnownFileType = sourcecode.swift; path = PublishView.swift; sourceTree = "<group>"; };
		794DB9F12A07EE6000635B58 /* CardView.swift */ = {isa = PBXFileReference; lastKnownFileType = sourcecode.swift; path = CardView.swift; sourceTree = "<group>"; };
		794EB6A82A03F92600DA52B5 /* Hyoza.xcdatamodel */ = {isa = PBXFileReference; lastKnownFileType = wrapper.xcdatamodel; path = Hyoza.xcdatamodel; sourceTree = "<group>"; };
		794EB6A92A03F92600DA52B5 /* Oroji.xcdatamodel */ = {isa = PBXFileReference; lastKnownFileType = wrapper.xcdatamodel; path = Oroji.xcdatamodel; sourceTree = "<group>"; };
		794EB6AB2A03FF8900DA52B5 /* Question+CoreDataClass.swift */ = {isa = PBXFileReference; lastKnownFileType = sourcecode.swift; path = "Question+CoreDataClass.swift"; sourceTree = "<group>"; };
		794EB6AC2A03FF8900DA52B5 /* Question+CoreDataProperties.swift */ = {isa = PBXFileReference; lastKnownFileType = sourcecode.swift; path = "Question+CoreDataProperties.swift"; sourceTree = "<group>"; };
		794EB6B02A03FFCB00DA52B5 /* Persistence.swift */ = {isa = PBXFileReference; lastKnownFileType = sourcecode.swift; path = Persistence.swift; sourceTree = "<group>"; };
		799E8F9C2A0A94D7003F78F2 /* question_samples.json */ = {isa = PBXFileReference; fileEncoding = 4; lastKnownFileType = text.json; path = question_samples.json; sourceTree = "<group>"; };
		799E8F9F2A0A94FA003F78F2 /* QuerySentence.swift */ = {isa = PBXFileReference; fileEncoding = 4; lastKnownFileType = sourcecode.swift; path = QuerySentence.swift; sourceTree = "<group>"; };
		799E8FA12A0A9508003F78F2 /* QuerySentenceManager.swift */ = {isa = PBXFileReference; fileEncoding = 4; lastKnownFileType = sourcecode.swift; path = QuerySentenceManager.swift; sourceTree = "<group>"; };
		79D7C5D62A00ED3500AC8B6F /* Hyoza.app */ = {isa = PBXFileReference; explicitFileType = wrapper.application; includeInIndex = 0; path = Hyoza.app; sourceTree = BUILT_PRODUCTS_DIR; };
		79D7C5D92A00ED3500AC8B6F /* HyozaApp.swift */ = {isa = PBXFileReference; lastKnownFileType = sourcecode.swift; path = HyozaApp.swift; sourceTree = "<group>"; };
		79D7C5DD2A00ED3700AC8B6F /* Assets.xcassets */ = {isa = PBXFileReference; lastKnownFileType = folder.assetcatalog; path = Assets.xcassets; sourceTree = "<group>"; };
		79D7C5E02A00ED3700AC8B6F /* Preview Assets.xcassets */ = {isa = PBXFileReference; lastKnownFileType = folder.assetcatalog; path = "Preview Assets.xcassets"; sourceTree = "<group>"; };
		79D7C5EC2A00ED5A00AC8B6F /* README.md */ = {isa = PBXFileReference; lastKnownFileType = net.daringfireball.markdown; path = README.md; sourceTree = "<group>"; };
		9809A3032A097AD100AB8995 /* ColorWithHex.swift */ = {isa = PBXFileReference; lastKnownFileType = sourcecode.swift; path = ColorWithHex.swift; sourceTree = "<group>"; };
		9809A3052A0988A600AB8995 /* QuestionBoxView.swift */ = {isa = PBXFileReference; lastKnownFileType = sourcecode.swift; path = QuestionBoxView.swift; sourceTree = "<group>"; };
		98EE907C2A0A750A0042E7B0 /* QuestionCardView.swift */ = {isa = PBXFileReference; lastKnownFileType = sourcecode.swift; path = QuestionCardView.swift; sourceTree = "<group>"; };
		B22A97E32A08EC3C00ECD178 /* CustomColor.swift */ = {isa = PBXFileReference; lastKnownFileType = sourcecode.swift; path = CustomColor.swift; sourceTree = "<group>"; };
		B22A97E72A090D1B00ECD178 /* UIColorExtension.swift */ = {isa = PBXFileReference; lastKnownFileType = sourcecode.swift; path = UIColorExtension.swift; sourceTree = "<group>"; };
		B22A97E92A0910C000ECD178 /* PeriodSegmentView.swift */ = {isa = PBXFileReference; lastKnownFileType = sourcecode.swift; path = PeriodSegmentView.swift; sourceTree = "<group>"; };
		B22A97EB2A09117700ECD178 /* ColorExtension.swift */ = {isa = PBXFileReference; lastKnownFileType = sourcecode.swift; path = ColorExtension.swift; sourceTree = "<group>"; };
		B22A97ED2A0912AD00ECD178 /* PeriodView.swift */ = {isa = PBXFileReference; lastKnownFileType = sourcecode.swift; path = PeriodView.swift; sourceTree = "<group>"; };
		B256C8C82A0A5D9800B0C62E /* UIScreenExtension.swift */ = {isa = PBXFileReference; lastKnownFileType = sourcecode.swift; path = UIScreenExtension.swift; sourceTree = "<group>"; };
		B256C8CA2A0A621D00B0C62E /* MonthPickerView.swift */ = {isa = PBXFileReference; lastKnownFileType = sourcecode.swift; path = MonthPickerView.swift; sourceTree = "<group>"; };
		B256C8CC2A0A64D500B0C62E /* PublishCardify.swift */ = {isa = PBXFileReference; lastKnownFileType = sourcecode.swift; path = PublishCardify.swift; sourceTree = "<group>"; };
		B256C8CE2A0A6A2D00B0C62E /* ResultBookView.swift */ = {isa = PBXFileReference; lastKnownFileType = sourcecode.swift; path = ResultBookView.swift; sourceTree = "<group>"; };
		C9DD7BEA2A0A3F3F007C1973 /* QnAView.swift */ = {isa = PBXFileReference; lastKnownFileType = sourcecode.swift; path = QnAView.swift; sourceTree = "<group>"; };
/* End PBXFileReference section */

/* Begin PBXFrameworksBuildPhase section */
		79D7C5D32A00ED3500AC8B6F /* Frameworks */ = {
			isa = PBXFrameworksBuildPhase;
			buildActionMask = 2147483647;
			files = (
			);
			runOnlyForDeploymentPostprocessing = 0;
		};
/* End PBXFrameworksBuildPhase section */

/* Begin PBXGroup section */
		791C24552A08E9C40009E4EA /* notification */ = {
			isa = PBXGroup;
			children = (
				791C24562A08EA520009E4EA /* NotificationManager.swift */,
			);
			path = notification;
			sourceTree = "<group>";
		};
		791C24582A0933CA0009E4EA /* extensions */ = {
			isa = PBXGroup;
			children = (
				B22A97EB2A09117700ECD178 /* ColorExtension.swift */,
				791C24592A0933DE0009E4EA /* DateExtension.swift */,
				B22A97E72A090D1B00ECD178 /* UIColorExtension.swift */,
				791C245D2A09530F0009E4EA /* ViewExtension.swift */,
				B256C8C82A0A5D9800B0C62E /* UIScreenExtension.swift */,
			);
			path = extensions;
			sourceTree = "<group>";
		};
		794DB9E72A07E07B00635B58 /* tabToday */ = {
			isa = PBXGroup;
			children = (
				794DB9EA2A07E38600635B58 /* TodayView.swift */,
				9809A3032A097AD100AB8995 /* ColorWithHex.swift */,
				9809A3052A0988A600AB8995 /* QuestionBoxView.swift */,
				98EE907C2A0A750A0042E7B0 /* QuestionCardView.swift */,
			);
			path = tabToday;
			sourceTree = "<group>";
		};
		794DB9E82A07E11200635B58 /* tabList */ = {
			isa = PBXGroup;
			children = (
				794DB9EC2A07E38E00635B58 /* ListView.swift */,
			);
			path = tabList;
			sourceTree = "<group>";
		};
		794DB9E92A07E11A00635B58 /* tabPublish */ = {
			isa = PBXGroup;
			children = (
				794DB9EE2A07E3A500635B58 /* PublishView.swift */,
				B22A97E92A0910C000ECD178 /* PeriodSegmentView.swift */,
				B22A97ED2A0912AD00ECD178 /* PeriodView.swift */,
				B256C8CA2A0A621D00B0C62E /* MonthPickerView.swift */,
				B256C8CC2A0A64D500B0C62E /* PublishCardify.swift */,
				B256C8CE2A0A6A2D00B0C62E /* ResultBookView.swift */,
			);
			path = tabPublish;
			sourceTree = "<group>";
		};
		794DB9F02A07EE5200635B58 /* component */ = {
			isa = PBXGroup;
			children = (
				794DB9F12A07EE6000635B58 /* CardView.swift */,
				791C245F2A0A10BB0009E4EA /* CapsuleView.swift */,
			);
			path = component;
			sourceTree = "<group>";
		};
		794EB6AF2A03FF8E00DA52B5 /* data */ = {
			isa = PBXGroup;
			children = (
				794EB6B02A03FFCB00DA52B5 /* Persistence.swift */,
				794EB6AB2A03FF8900DA52B5 /* Question+CoreDataClass.swift */,
				794EB6AC2A03FF8900DA52B5 /* Question+CoreDataProperties.swift */,
				799E8FA12A0A9508003F78F2 /* QuerySentenceManager.swift */,
			);
			path = data;
			sourceTree = "<group>";
		};
		799E8F9B2A0A94D7003F78F2 /* raw */ = {
			isa = PBXGroup;
			children = (
				799E8F9C2A0A94D7003F78F2 /* question_samples.json */,
			);
			path = raw;
			sourceTree = "<group>";
		};
		799E8F9E2A0A94FA003F78F2 /* model */ = {
			isa = PBXGroup;
			children = (
				799E8F9F2A0A94FA003F78F2 /* QuerySentence.swift */,
			);
			path = model;
			sourceTree = "<group>";
		};
		79D7C5CD2A00ED3500AC8B6F = {
			isa = PBXGroup;
			children = (
				79D7C5EC2A00ED5A00AC8B6F /* README.md */,
				79D7C5D82A00ED3500AC8B6F /* Hyoza */,
				79D7C5D72A00ED3500AC8B6F /* Products */,
			);
			sourceTree = "<group>";
		};
		79D7C5D72A00ED3500AC8B6F /* Products */ = {
			isa = PBXGroup;
			children = (
				79D7C5D62A00ED3500AC8B6F /* Hyoza.app */,
			);
			name = Products;
			sourceTree = "<group>";
		};
		79D7C5D82A00ED3500AC8B6F /* Hyoza */ = {
			isa = PBXGroup;
			children = (
				B22A97E42A08EC4A00ECD178 /* constant */,
				79D7C5DF2A00ED3700AC8B6F /* Preview Content */,
				79D7C5D92A00ED3500AC8B6F /* HyozaApp.swift */,
				79D7C5DD2A00ED3700AC8B6F /* Assets.xcassets */,
				794EB6A72A03F92600DA52B5 /* Hyoza.xcdatamodeld */,
				799E8F9B2A0A94D7003F78F2 /* raw */,
				794EB6AF2A03FF8E00DA52B5 /* data */,
				799E8F9E2A0A94FA003F78F2 /* model */,
				791029D82A039C58009A5590 /* MainTabView.swift */,
				791C24582A0933CA0009E4EA /* extensions */,
				794DB9F02A07EE5200635B58 /* component */,
				791C24552A08E9C40009E4EA /* notification */,
				794DB9E92A07E11A00635B58 /* tabPublish */,
				794DB9E82A07E11200635B58 /* tabList */,
				794DB9E72A07E07B00635B58 /* tabToday */,
				C9DD7BE92A0A3E04007C1973 /* qna */,
			);
			path = Hyoza;
			sourceTree = "<group>";
		};
		79D7C5DF2A00ED3700AC8B6F /* Preview Content */ = {
			isa = PBXGroup;
			children = (
				79D7C5E02A00ED3700AC8B6F /* Preview Assets.xcassets */,
			);
			path = "Preview Content";
			sourceTree = "<group>";
		};
		B22A97E42A08EC4A00ECD178 /* constant */ = {
			isa = PBXGroup;
			children = (
				B22A97E32A08EC3C00ECD178 /* CustomColor.swift */,
			);
			path = constant;
			sourceTree = "<group>";
		};
		C9DD7BE92A0A3E04007C1973 /* qna */ = {
			isa = PBXGroup;
			children = (
				C9DD7BEA2A0A3F3F007C1973 /* QnAView.swift */,
			);
			path = qna;
			sourceTree = "<group>";
		};
/* End PBXGroup section */

/* Begin PBXNativeTarget section */
		79D7C5D52A00ED3500AC8B6F /* Hyoza */ = {
			isa = PBXNativeTarget;
			buildConfigurationList = 79D7C5E92A00ED3700AC8B6F /* Build configuration list for PBXNativeTarget "Hyoza" */;
			buildPhases = (
				79D7C5D22A00ED3500AC8B6F /* Sources */,
				79D7C5D32A00ED3500AC8B6F /* Frameworks */,
				79D7C5D42A00ED3500AC8B6F /* Resources */,
			);
			buildRules = (
			);
			dependencies = (
			);
			name = Hyoza;
			productName = Oroji;
			productReference = 79D7C5D62A00ED3500AC8B6F /* Hyoza.app */;
			productType = "com.apple.product-type.application";
		};
/* End PBXNativeTarget section */

/* Begin PBXProject section */
		79D7C5CE2A00ED3500AC8B6F /* Project object */ = {
			isa = PBXProject;
			attributes = {
				BuildIndependentTargetsInParallel = 1;
				LastSwiftUpdateCheck = 1430;
				LastUpgradeCheck = 1430;
				TargetAttributes = {
					79D7C5D52A00ED3500AC8B6F = {
						CreatedOnToolsVersion = 14.3;
					};
				};
			};
			buildConfigurationList = 79D7C5D12A00ED3500AC8B6F /* Build configuration list for PBXProject "Hyoza" */;
			compatibilityVersion = "Xcode 14.0";
			developmentRegion = en;
			hasScannedForEncodings = 0;
			knownRegions = (
				en,
				Base,
			);
			mainGroup = 79D7C5CD2A00ED3500AC8B6F;
			productRefGroup = 79D7C5D72A00ED3500AC8B6F /* Products */;
			projectDirPath = "";
			projectRoot = "";
			targets = (
				79D7C5D52A00ED3500AC8B6F /* Hyoza */,
			);
		};
/* End PBXProject section */

/* Begin PBXResourcesBuildPhase section */
		79D7C5D42A00ED3500AC8B6F /* Resources */ = {
			isa = PBXResourcesBuildPhase;
			buildActionMask = 2147483647;
			files = (
				79D7C5E12A00ED3700AC8B6F /* Preview Assets.xcassets in Resources */,
				799E8F9D2A0A94D7003F78F2 /* question_samples.json in Resources */,
				79D7C5DE2A00ED3700AC8B6F /* Assets.xcassets in Resources */,
			);
			runOnlyForDeploymentPostprocessing = 0;
		};
/* End PBXResourcesBuildPhase section */

/* Begin PBXSourcesBuildPhase section */
		79D7C5D22A00ED3500AC8B6F /* Sources */ = {
			isa = PBXSourcesBuildPhase;
			buildActionMask = 2147483647;
			files = (
				B256C8CF2A0A6A2D00B0C62E /* ResultBookView.swift in Sources */,
				794EB6AE2A03FF8900DA52B5 /* Question+CoreDataProperties.swift in Sources */,
				791C245A2A0933DE0009E4EA /* DateExtension.swift in Sources */,
				794EB6AA2A03F92600DA52B5 /* Hyoza.xcdatamodeld in Sources */,
				C9DD7BEB2A0A3F3F007C1973 /* QnAView.swift in Sources */,
				B22A97EA2A0910C000ECD178 /* PeriodSegmentView.swift in Sources */,
				B22A97E52A08ED2900ECD178 /* CustomColor.swift in Sources */,
				794EB6B12A03FFCB00DA52B5 /* Persistence.swift in Sources */,
				79D7C5DA2A00ED3500AC8B6F /* HyozaApp.swift in Sources */,
				B256C8CD2A0A64D500B0C62E /* PublishCardify.swift in Sources */,
				791C24572A08EA520009E4EA /* NotificationManager.swift in Sources */,
				799E8FA22A0A9508003F78F2 /* QuerySentenceManager.swift in Sources */,
				B22A97E82A090D1B00ECD178 /* UIColorExtension.swift in Sources */,
				B22A97EE2A0912AD00ECD178 /* PeriodView.swift in Sources */,
				B22A97EC2A09117700ECD178 /* ColorExtension.swift in Sources */,
				B256C8C92A0A5D9800B0C62E /* UIScreenExtension.swift in Sources */,
				794DB9F22A07EE6000635B58 /* CardView.swift in Sources */,
				791029D92A039C58009A5590 /* MainTabView.swift in Sources */,
				794DB9EF2A07E3A500635B58 /* PublishView.swift in Sources */,
				794DB9EB2A07E38600635B58 /* TodayView.swift in Sources */,
				791C24602A0A10BB0009E4EA /* CapsuleView.swift in Sources */,
				794EB6AD2A03FF8900DA52B5 /* Question+CoreDataClass.swift in Sources */,
				98EE907D2A0A750A0042E7B0 /* QuestionCardView.swift in Sources */,
				B256C8CB2A0A621D00B0C62E /* MonthPickerView.swift in Sources */,
				9809A3042A097AD100AB8995 /* ColorWithHex.swift in Sources */,
				794DB9ED2A07E38E00635B58 /* ListView.swift in Sources */,
				9809A3062A0988A600AB8995 /* QuestionBoxView.swift in Sources */,
				791C245E2A09530F0009E4EA /* ViewExtension.swift in Sources */,
				799E8FA02A0A94FA003F78F2 /* QuerySentence.swift in Sources */,
			);
			runOnlyForDeploymentPostprocessing = 0;
		};
/* End PBXSourcesBuildPhase section */

/* Begin XCBuildConfiguration section */
		79D7C5E72A00ED3700AC8B6F /* Debug */ = {
			isa = XCBuildConfiguration;
			buildSettings = {
				ALWAYS_SEARCH_USER_PATHS = NO;
				CLANG_ANALYZER_NONNULL = YES;
				CLANG_ANALYZER_NUMBER_OBJECT_CONVERSION = YES_AGGRESSIVE;
				CLANG_CXX_LANGUAGE_STANDARD = "gnu++20";
				CLANG_ENABLE_MODULES = YES;
				CLANG_ENABLE_OBJC_ARC = YES;
				CLANG_ENABLE_OBJC_WEAK = YES;
				CLANG_WARN_BLOCK_CAPTURE_AUTORELEASING = YES;
				CLANG_WARN_BOOL_CONVERSION = YES;
				CLANG_WARN_COMMA = YES;
				CLANG_WARN_CONSTANT_CONVERSION = YES;
				CLANG_WARN_DEPRECATED_OBJC_IMPLEMENTATIONS = YES;
				CLANG_WARN_DIRECT_OBJC_ISA_USAGE = YES_ERROR;
				CLANG_WARN_DOCUMENTATION_COMMENTS = YES;
				CLANG_WARN_EMPTY_BODY = YES;
				CLANG_WARN_ENUM_CONVERSION = YES;
				CLANG_WARN_INFINITE_RECURSION = YES;
				CLANG_WARN_INT_CONVERSION = YES;
				CLANG_WARN_NON_LITERAL_NULL_CONVERSION = YES;
				CLANG_WARN_OBJC_IMPLICIT_RETAIN_SELF = YES;
				CLANG_WARN_OBJC_LITERAL_CONVERSION = YES;
				CLANG_WARN_OBJC_ROOT_CLASS = YES_ERROR;
				CLANG_WARN_QUOTED_INCLUDE_IN_FRAMEWORK_HEADER = YES;
				CLANG_WARN_RANGE_LOOP_ANALYSIS = YES;
				CLANG_WARN_STRICT_PROTOTYPES = YES;
				CLANG_WARN_SUSPICIOUS_MOVE = YES;
				CLANG_WARN_UNGUARDED_AVAILABILITY = YES_AGGRESSIVE;
				CLANG_WARN_UNREACHABLE_CODE = YES;
				CLANG_WARN__DUPLICATE_METHOD_MATCH = YES;
				COPY_PHASE_STRIP = NO;
				DEBUG_INFORMATION_FORMAT = dwarf;
				ENABLE_STRICT_OBJC_MSGSEND = YES;
				ENABLE_TESTABILITY = YES;
				GCC_C_LANGUAGE_STANDARD = gnu11;
				GCC_DYNAMIC_NO_PIC = NO;
				GCC_NO_COMMON_BLOCKS = YES;
				GCC_OPTIMIZATION_LEVEL = 0;
				GCC_PREPROCESSOR_DEFINITIONS = (
					"DEBUG=1",
					"$(inherited)",
				);
				GCC_WARN_64_TO_32_BIT_CONVERSION = YES;
				GCC_WARN_ABOUT_RETURN_TYPE = YES_ERROR;
				GCC_WARN_UNDECLARED_SELECTOR = YES;
				GCC_WARN_UNINITIALIZED_AUTOS = YES_AGGRESSIVE;
				GCC_WARN_UNUSED_FUNCTION = YES;
				GCC_WARN_UNUSED_VARIABLE = YES;
				IPHONEOS_DEPLOYMENT_TARGET = 16.0;
				MTL_ENABLE_DEBUG_INFO = INCLUDE_SOURCE;
				MTL_FAST_MATH = YES;
				ONLY_ACTIVE_ARCH = YES;
				SDKROOT = iphoneos;
				SWIFT_ACTIVE_COMPILATION_CONDITIONS = DEBUG;
				SWIFT_OPTIMIZATION_LEVEL = "-Onone";
			};
			name = Debug;
		};
		79D7C5E82A00ED3700AC8B6F /* Release */ = {
			isa = XCBuildConfiguration;
			buildSettings = {
				ALWAYS_SEARCH_USER_PATHS = NO;
				CLANG_ANALYZER_NONNULL = YES;
				CLANG_ANALYZER_NUMBER_OBJECT_CONVERSION = YES_AGGRESSIVE;
				CLANG_CXX_LANGUAGE_STANDARD = "gnu++20";
				CLANG_ENABLE_MODULES = YES;
				CLANG_ENABLE_OBJC_ARC = YES;
				CLANG_ENABLE_OBJC_WEAK = YES;
				CLANG_WARN_BLOCK_CAPTURE_AUTORELEASING = YES;
				CLANG_WARN_BOOL_CONVERSION = YES;
				CLANG_WARN_COMMA = YES;
				CLANG_WARN_CONSTANT_CONVERSION = YES;
				CLANG_WARN_DEPRECATED_OBJC_IMPLEMENTATIONS = YES;
				CLANG_WARN_DIRECT_OBJC_ISA_USAGE = YES_ERROR;
				CLANG_WARN_DOCUMENTATION_COMMENTS = YES;
				CLANG_WARN_EMPTY_BODY = YES;
				CLANG_WARN_ENUM_CONVERSION = YES;
				CLANG_WARN_INFINITE_RECURSION = YES;
				CLANG_WARN_INT_CONVERSION = YES;
				CLANG_WARN_NON_LITERAL_NULL_CONVERSION = YES;
				CLANG_WARN_OBJC_IMPLICIT_RETAIN_SELF = YES;
				CLANG_WARN_OBJC_LITERAL_CONVERSION = YES;
				CLANG_WARN_OBJC_ROOT_CLASS = YES_ERROR;
				CLANG_WARN_QUOTED_INCLUDE_IN_FRAMEWORK_HEADER = YES;
				CLANG_WARN_RANGE_LOOP_ANALYSIS = YES;
				CLANG_WARN_STRICT_PROTOTYPES = YES;
				CLANG_WARN_SUSPICIOUS_MOVE = YES;
				CLANG_WARN_UNGUARDED_AVAILABILITY = YES_AGGRESSIVE;
				CLANG_WARN_UNREACHABLE_CODE = YES;
				CLANG_WARN__DUPLICATE_METHOD_MATCH = YES;
				COPY_PHASE_STRIP = NO;
				DEBUG_INFORMATION_FORMAT = "dwarf-with-dsym";
				ENABLE_NS_ASSERTIONS = NO;
				ENABLE_STRICT_OBJC_MSGSEND = YES;
				GCC_C_LANGUAGE_STANDARD = gnu11;
				GCC_NO_COMMON_BLOCKS = YES;
				GCC_WARN_64_TO_32_BIT_CONVERSION = YES;
				GCC_WARN_ABOUT_RETURN_TYPE = YES_ERROR;
				GCC_WARN_UNDECLARED_SELECTOR = YES;
				GCC_WARN_UNINITIALIZED_AUTOS = YES_AGGRESSIVE;
				GCC_WARN_UNUSED_FUNCTION = YES;
				GCC_WARN_UNUSED_VARIABLE = YES;
				IPHONEOS_DEPLOYMENT_TARGET = 16.0;
				MTL_ENABLE_DEBUG_INFO = NO;
				MTL_FAST_MATH = YES;
				SDKROOT = iphoneos;
				SWIFT_COMPILATION_MODE = wholemodule;
				SWIFT_OPTIMIZATION_LEVEL = "-O";
				VALIDATE_PRODUCT = YES;
			};
			name = Release;
		};
		79D7C5EA2A00ED3700AC8B6F /* Debug */ = {
			isa = XCBuildConfiguration;
			buildSettings = {
				ASSETCATALOG_COMPILER_APPICON_NAME = AppIcon;
				ASSETCATALOG_COMPILER_GLOBAL_ACCENT_COLOR_NAME = AccentColor;
				CODE_SIGN_STYLE = Automatic;
				CURRENT_PROJECT_VERSION = 1;
				DEVELOPMENT_ASSET_PATHS = "\"Hyoza/Preview Content\"";
				DEVELOPMENT_TEAM = BDU85ET24K;
				ENABLE_PREVIEWS = YES;
				GENERATE_INFOPLIST_FILE = YES;
				INFOPLIST_KEY_NSPhotoLibraryAddUsageDescription = "아무거나";
				INFOPLIST_KEY_UIApplicationSceneManifest_Generation = YES;
				INFOPLIST_KEY_UIApplicationSupportsIndirectInputEvents = YES;
				INFOPLIST_KEY_UILaunchScreen_Generation = YES;
				INFOPLIST_KEY_UISupportedInterfaceOrientations_iPad = "UIInterfaceOrientationPortrait UIInterfaceOrientationPortraitUpsideDown UIInterfaceOrientationLandscapeLeft UIInterfaceOrientationLandscapeRight";
				INFOPLIST_KEY_UISupportedInterfaceOrientations_iPhone = "UIInterfaceOrientationPortrait UIInterfaceOrientationLandscapeLeft UIInterfaceOrientationLandscapeRight";
				IPHONEOS_DEPLOYMENT_TARGET = 16.0;
				LD_RUNPATH_SEARCH_PATHS = (
					"$(inherited)",
					"@executable_path/Frameworks",
				);
				MARKETING_VERSION = 1.0;
				PRODUCT_BUNDLE_IDENTIFIER = com.mgchoi.Oroji;
				PRODUCT_NAME = "$(TARGET_NAME)";
				SWIFT_EMIT_LOC_STRINGS = YES;
				SWIFT_VERSION = 5.0;
				TARGETED_DEVICE_FAMILY = "1,2";
			};
			name = Debug;
		};
		79D7C5EB2A00ED3700AC8B6F /* Release */ = {
			isa = XCBuildConfiguration;
			buildSettings = {
				ASSETCATALOG_COMPILER_APPICON_NAME = AppIcon;
				ASSETCATALOG_COMPILER_GLOBAL_ACCENT_COLOR_NAME = AccentColor;
				CODE_SIGN_STYLE = Automatic;
				CURRENT_PROJECT_VERSION = 1;
				DEVELOPMENT_ASSET_PATHS = "\"Hyoza/Preview Content\"";
				DEVELOPMENT_TEAM = BDU85ET24K;
				ENABLE_PREVIEWS = YES;
				GENERATE_INFOPLIST_FILE = YES;
				INFOPLIST_KEY_NSPhotoLibraryAddUsageDescription = "아무거나";
				INFOPLIST_KEY_UIApplicationSceneManifest_Generation = YES;
				INFOPLIST_KEY_UIApplicationSupportsIndirectInputEvents = YES;
				INFOPLIST_KEY_UILaunchScreen_Generation = YES;
				INFOPLIST_KEY_UISupportedInterfaceOrientations_iPad = "UIInterfaceOrientationPortrait UIInterfaceOrientationPortraitUpsideDown UIInterfaceOrientationLandscapeLeft UIInterfaceOrientationLandscapeRight";
				INFOPLIST_KEY_UISupportedInterfaceOrientations_iPhone = "UIInterfaceOrientationPortrait UIInterfaceOrientationLandscapeLeft UIInterfaceOrientationLandscapeRight";
				IPHONEOS_DEPLOYMENT_TARGET = 16.0;
				LD_RUNPATH_SEARCH_PATHS = (
					"$(inherited)",
					"@executable_path/Frameworks",
				);
				MARKETING_VERSION = 1.0;
				PRODUCT_BUNDLE_IDENTIFIER = com.mgchoi.Oroji;
				PRODUCT_NAME = "$(TARGET_NAME)";
				SWIFT_EMIT_LOC_STRINGS = YES;
				SWIFT_VERSION = 5.0;
				TARGETED_DEVICE_FAMILY = "1,2";
			};
			name = Release;
		};
/* End XCBuildConfiguration section */

/* Begin XCConfigurationList section */
		79D7C5D12A00ED3500AC8B6F /* Build configuration list for PBXProject "Hyoza" */ = {
			isa = XCConfigurationList;
			buildConfigurations = (
				79D7C5E72A00ED3700AC8B6F /* Debug */,
				79D7C5E82A00ED3700AC8B6F /* Release */,
			);
			defaultConfigurationIsVisible = 0;
			defaultConfigurationName = Release;
		};
		79D7C5E92A00ED3700AC8B6F /* Build configuration list for PBXNativeTarget "Hyoza" */ = {
			isa = XCConfigurationList;
			buildConfigurations = (
				79D7C5EA2A00ED3700AC8B6F /* Debug */,
				79D7C5EB2A00ED3700AC8B6F /* Release */,
			);
			defaultConfigurationIsVisible = 0;
			defaultConfigurationName = Release;
		};
/* End XCConfigurationList section */

/* Begin XCVersionGroup section */
		794EB6A72A03F92600DA52B5 /* Hyoza.xcdatamodeld */ = {
			isa = XCVersionGroup;
			children = (
				794EB6A82A03F92600DA52B5 /* Hyoza.xcdatamodel */,
				794EB6A92A03F92600DA52B5 /* Oroji.xcdatamodel */,
			);
			currentVersion = 794EB6A82A03F92600DA52B5 /* Hyoza.xcdatamodel */;
			path = Hyoza.xcdatamodeld;
			sourceTree = "<group>";
			versionGroupType = wrapper.xcdatamodel;
		};
/* End XCVersionGroup section */
	};
	rootObject = 79D7C5CE2A00ED3500AC8B6F /* Project object */;
}
